
Microsoft Visual Studio Solution File, Format Version 12.00
# Visual Studio 15
VisualStudioVersion = 15.0.27130.2027
MinimumVisualStudioVersion = 10.0.40219.1
Project("{FAE04EC0-301F-11D3-BF4B-00C04F79EFBC}") = "SmartPhone.Android", "SmartPhone\SmartPhone.Android\SmartPhone.Android.csproj", "{5457D51A-B8FA-44BF-BCA2-CAE8CC9CF2C6}"
EndProject
Project("{FAE04EC0-301F-11D3-BF4B-00C04F79EFBC}") = "SmartPhone.iOS", "SmartPhone\SmartPhone.iOS\SmartPhone.iOS.csproj", "{CBA94916-4053-4A53-B9D9-D09F4785EB86}"
EndProject
Project("{9A19103F-16F7-4668-BE54-9A1E7A4F7556}") = "SmartPhone", "SmartPhone\SmartPhone\SmartPhone.csproj", "{B5C734A2-AB0D-4349-844C-FA1A7C7996F5}"
EndProject
Project("{2150E333-8FDC-42A3-9474-1A3956D46DE8}") = "Web", "Web", "{2148CBCE-B08D-4C10-B120-F23A95978100}"
EndProject
Project("{9A19103F-16F7-4668-BE54-9A1E7A4F7556}") = "Web.API", "Web.Inventory\Web.API.csproj", "{BBFB64A6-3CDE-4F5D-B6D8-AA4B91BA03FC}"
EndProject
Project("{9A19103F-16F7-4668-BE54-9A1E7A4F7556}") = "DataModel", "DataModel\DataModel.csproj", "{729188CA-061D-462A-9037-BD03CAE70A2D}"
EndProject
Project("{9A19103F-16F7-4668-BE54-9A1E7A4F7556}") = "Web.APP", "Web.APP\Web.APP.csproj", "{0C39F12A-102A-4ADD-8A65-86645D47A372}"
EndProject
Project("{FAE04EC0-301F-11D3-BF4B-00C04F79EFBC}") = "APIModel", "APIModel\APIModel.csproj", "{07633960-0A7F-4A6C-8D4C-88C5BB29A0DE}"
EndProject
Global
	GlobalSection(SolutionConfigurationPlatforms) = preSolution
		Ad-Hoc|Any CPU = Ad-Hoc|Any CPU
		Ad-Hoc|iPhone = Ad-Hoc|iPhone
		Ad-Hoc|iPhoneSimulator = Ad-Hoc|iPhoneSimulator
		AppStore|Any CPU = AppStore|Any CPU
		AppStore|iPhone = AppStore|iPhone
		AppStore|iPhoneSimulator = AppStore|iPhoneSimulator
		Debug|Any CPU = Debug|Any CPU
		Debug|iPhone = Debug|iPhone
		Debug|iPhoneSimulator = Debug|iPhoneSimulator
		Release|Any CPU = Release|Any CPU
		Release|iPhone = Release|iPhone
		Release|iPhoneSimulator = Release|iPhoneSimulator
	EndGlobalSection
	GlobalSection(ProjectConfigurationPlatforms) = postSolution
		{5457D51A-B8FA-44BF-BCA2-CAE8CC9CF2C6}.Ad-Hoc|Any CPU.ActiveCfg = Release|Any CPU
		{5457D51A-B8FA-44BF-BCA2-CAE8CC9CF2C6}.Ad-Hoc|Any CPU.Build.0 = Release|Any CPU
		{5457D51A-B8FA-44BF-BCA2-CAE8CC9CF2C6}.Ad-Hoc|Any CPU.Deploy.0 = Release|Any CPU
		{5457D51A-B8FA-44BF-BCA2-CAE8CC9CF2C6}.Ad-Hoc|iPhone.ActiveCfg = Release|Any CPU
		{5457D51A-B8FA-44BF-BCA2-CAE8CC9CF2C6}.Ad-Hoc|iPhone.Build.0 = Release|Any CPU
		{5457D51A-B8FA-44BF-BCA2-CAE8CC9CF2C6}.Ad-Hoc|iPhone.Deploy.0 = Release|Any CPU
		{5457D51A-B8FA-44BF-BCA2-CAE8CC9CF2C6}.Ad-Hoc|iPhoneSimulator.ActiveCfg = Release|Any CPU
		{5457D51A-B8FA-44BF-BCA2-CAE8CC9CF2C6}.Ad-Hoc|iPhoneSimulator.Build.0 = Release|Any CPU
		{5457D51A-B8FA-44BF-BCA2-CAE8CC9CF2C6}.Ad-Hoc|iPhoneSimulator.Deploy.0 = Release|Any CPU
		{5457D51A-B8FA-44BF-BCA2-CAE8CC9CF2C6}.AppStore|Any CPU.ActiveCfg = Release|Any CPU
		{5457D51A-B8FA-44BF-BCA2-CAE8CC9CF2C6}.AppStore|Any CPU.Build.0 = Release|Any CPU
		{5457D51A-B8FA-44BF-BCA2-CAE8CC9CF2C6}.AppStore|Any CPU.Deploy.0 = Release|Any CPU
		{5457D51A-B8FA-44BF-BCA2-CAE8CC9CF2C6}.AppStore|iPhone.ActiveCfg = Release|Any CPU
		{5457D51A-B8FA-44BF-BCA2-CAE8CC9CF2C6}.AppStore|iPhone.Build.0 = Release|Any CPU
		{5457D51A-B8FA-44BF-BCA2-CAE8CC9CF2C6}.AppStore|iPhone.Deploy.0 = Release|Any CPU
		{5457D51A-B8FA-44BF-BCA2-CAE8CC9CF2C6}.AppStore|iPhoneSimulator.ActiveCfg = Release|Any CPU
		{5457D51A-B8FA-44BF-BCA2-CAE8CC9CF2C6}.AppStore|iPhoneSimulator.Build.0 = Release|Any CPU
		{5457D51A-B8FA-44BF-BCA2-CAE8CC9CF2C6}.AppStore|iPhoneSimulator.Deploy.0 = Release|Any CPU
		{5457D51A-B8FA-44BF-BCA2-CAE8CC9CF2C6}.Debug|Any CPU.ActiveCfg = Debug|Any CPU
		{5457D51A-B8FA-44BF-BCA2-CAE8CC9CF2C6}.Debug|Any CPU.Build.0 = Debug|Any CPU
		{5457D51A-B8FA-44BF-BCA2-CAE8CC9CF2C6}.Debug|Any CPU.Deploy.0 = Debug|Any CPU
		{5457D51A-B8FA-44BF-BCA2-CAE8CC9CF2C6}.Debug|iPhone.ActiveCfg = Debug|Any CPU
		{5457D51A-B8FA-44BF-BCA2-CAE8CC9CF2C6}.Debug|iPhone.Build.0 = Debug|Any CPU
		{5457D51A-B8FA-44BF-BCA2-CAE8CC9CF2C6}.Debug|iPhone.Deploy.0 = Debug|Any CPU
		{5457D51A-B8FA-44BF-BCA2-CAE8CC9CF2C6}.Debug|iPhoneSimulator.ActiveCfg = Debug|Any CPU
		{5457D51A-B8FA-44BF-BCA2-CAE8CC9CF2C6}.Debug|iPhoneSimulator.Build.0 = Debug|Any CPU
		{5457D51A-B8FA-44BF-BCA2-CAE8CC9CF2C6}.Debug|iPhoneSimulator.Deploy.0 = Debug|Any CPU
		{5457D51A-B8FA-44BF-BCA2-CAE8CC9CF2C6}.Release|Any CPU.ActiveCfg = Release|Any CPU
		{5457D51A-B8FA-44BF-BCA2-CAE8CC9CF2C6}.Release|Any CPU.Build.0 = Release|Any CPU
		{5457D51A-B8FA-44BF-BCA2-CAE8CC9CF2C6}.Release|Any CPU.Deploy.0 = Release|Any CPU
		{5457D51A-B8FA-44BF-BCA2-CAE8CC9CF2C6}.Release|iPhone.ActiveCfg = Release|Any CPU
		{5457D51A-B8FA-44BF-BCA2-CAE8CC9CF2C6}.Release|iPhone.Build.0 = Release|Any CPU
		{5457D51A-B8FA-44BF-BCA2-CAE8CC9CF2C6}.Release|iPhone.Deploy.0 = Release|Any CPU
		{5457D51A-B8FA-44BF-BCA2-CAE8CC9CF2C6}.Release|iPhoneSimulator.ActiveCfg = Release|Any CPU
		{5457D51A-B8FA-44BF-BCA2-CAE8CC9CF2C6}.Release|iPhoneSimulator.Build.0 = Release|Any CPU
		{5457D51A-B8FA-44BF-BCA2-CAE8CC9CF2C6}.Release|iPhoneSimulator.Deploy.0 = Release|Any CPU
		{CBA94916-4053-4A53-B9D9-D09F4785EB86}.Ad-Hoc|Any CPU.ActiveCfg = Ad-Hoc|iPhone
		{CBA94916-4053-4A53-B9D9-D09F4785EB86}.Ad-Hoc|iPhone.ActiveCfg = Ad-Hoc|iPhone
		{CBA94916-4053-4A53-B9D9-D09F4785EB86}.Ad-Hoc|iPhone.Build.0 = Ad-Hoc|iPhone
		{CBA94916-4053-4A53-B9D9-D09F4785EB86}.Ad-Hoc|iPhoneSimulator.ActiveCfg = Ad-Hoc|iPhoneSimulator
		{CBA94916-4053-4A53-B9D9-D09F4785EB86}.Ad-Hoc|iPhoneSimulator.Build.0 = Ad-Hoc|iPhoneSimulator
		{CBA94916-4053-4A53-B9D9-D09F4785EB86}.AppStore|Any CPU.ActiveCfg = AppStore|iPhone
		{CBA94916-4053-4A53-B9D9-D09F4785EB86}.AppStore|iPhone.ActiveCfg = AppStore|iPhone
		{CBA94916-4053-4A53-B9D9-D09F4785EB86}.AppStore|iPhone.Build.0 = AppStore|iPhone
		{CBA94916-4053-4A53-B9D9-D09F4785EB86}.AppStore|iPhoneSimulator.ActiveCfg = AppStore|iPhoneSimulator
		{CBA94916-4053-4A53-B9D9-D09F4785EB86}.AppStore|iPhoneSimulator.Build.0 = AppStore|iPhoneSimulator
		{CBA94916-4053-4A53-B9D9-D09F4785EB86}.Debug|Any CPU.ActiveCfg = Debug|iPhone
		{CBA94916-4053-4A53-B9D9-D09F4785EB86}.Debug|iPhone.ActiveCfg = Debug|iPhone
		{CBA94916-4053-4A53-B9D9-D09F4785EB86}.Debug|iPhone.Build.0 = Debug|iPhone
		{CBA94916-4053-4A53-B9D9-D09F4785EB86}.Debug|iPhoneSimulator.ActiveCfg = Debug|iPhoneSimulator
		{CBA94916-4053-4A53-B9D9-D09F4785EB86}.Debug|iPhoneSimulator.Build.0 = Debug|iPhoneSimulator
		{CBA94916-4053-4A53-B9D9-D09F4785EB86}.Release|Any CPU.ActiveCfg = Release|iPhone
		{CBA94916-4053-4A53-B9D9-D09F4785EB86}.Release|iPhone.ActiveCfg = Release|iPhone
		{CBA94916-4053-4A53-B9D9-D09F4785EB86}.Release|iPhone.Build.0 = Release|iPhone
		{CBA94916-4053-4A53-B9D9-D09F4785EB86}.Release|iPhoneSimulator.ActiveCfg = Release|iPhoneSimulator
		{CBA94916-4053-4A53-B9D9-D09F4785EB86}.Release|iPhoneSimulator.Build.0 = Release|iPhoneSimulator
		{B5C734A2-AB0D-4349-844C-FA1A7C7996F5}.Ad-Hoc|Any CPU.ActiveCfg = Debug|Any CPU
		{B5C734A2-AB0D-4349-844C-FA1A7C7996F5}.Ad-Hoc|Any CPU.Build.0 = Debug|Any CPU
		{B5C734A2-AB0D-4349-844C-FA1A7C7996F5}.Ad-Hoc|iPhone.ActiveCfg = Debug|Any CPU
		{B5C734A2-AB0D-4349-844C-FA1A7C7996F5}.Ad-Hoc|iPhone.Build.0 = Debug|Any CPU
		{B5C734A2-AB0D-4349-844C-FA1A7C7996F5}.Ad-Hoc|iPhoneSimulator.ActiveCfg = Debug|Any CPU
		{B5C734A2-AB0D-4349-844C-FA1A7C7996F5}.Ad-Hoc|iPhoneSimulator.Build.0 = Debug|Any CPU
		{B5C734A2-AB0D-4349-844C-FA1A7C7996F5}.AppStore|Any CPU.ActiveCfg = Debug|Any CPU
		{B5C734A2-AB0D-4349-844C-FA1A7C7996F5}.AppStore|Any CPU.Build.0 = Debug|Any CPU
		{B5C734A2-AB0D-4349-844C-FA1A7C7996F5}.AppStore|iPhone.ActiveCfg = Debug|Any CPU
		{B5C734A2-AB0D-4349-844C-FA1A7C7996F5}.AppStore|iPhone.Build.0 = Debug|Any CPU
		{B5C734A2-AB0D-4349-844C-FA1A7C7996F5}.AppStore|iPhoneSimulator.ActiveCfg = Debug|Any CPU
		{B5C734A2-AB0D-4349-844C-FA1A7C7996F5}.AppStore|iPhoneSimulator.Build.0 = Debug|Any CPU
		{B5C734A2-AB0D-4349-844C-FA1A7C7996F5}.Debug|Any CPU.ActiveCfg = Debug|Any CPU
		{B5C734A2-AB0D-4349-844C-FA1A7C7996F5}.Debug|Any CPU.Build.0 = Debug|Any CPU
		{B5C734A2-AB0D-4349-844C-FA1A7C7996F5}.Debug|iPhone.ActiveCfg = Debug|Any CPU
		{B5C734A2-AB0D-4349-844C-FA1A7C7996F5}.Debug|iPhone.Build.0 = Debug|Any CPU
		{B5C734A2-AB0D-4349-844C-FA1A7C7996F5}.Debug|iPhoneSimulator.ActiveCfg = Debug|Any CPU
		{B5C734A2-AB0D-4349-844C-FA1A7C7996F5}.Debug|iPhoneSimulator.Build.0 = Debug|Any CPU
		{B5C734A2-AB0D-4349-844C-FA1A7C7996F5}.Release|Any CPU.ActiveCfg = Release|Any CPU
		{B5C734A2-AB0D-4349-844C-FA1A7C7996F5}.Release|Any CPU.Build.0 = Release|Any CPU
		{B5C734A2-AB0D-4349-844C-FA1A7C7996F5}.Release|iPhone.ActiveCfg = Release|Any CPU
		{B5C734A2-AB0D-4349-844C-FA1A7C7996F5}.Release|iPhone.Build.0 = Release|Any CPU
		{B5C734A2-AB0D-4349-844C-FA1A7C7996F5}.Release|iPhoneSimulator.ActiveCfg = Release|Any CPU
		{B5C734A2-AB0D-4349-844C-FA1A7C7996F5}.Release|iPhoneSimulator.Build.0 = Release|Any CPU
		{BBFB64A6-3CDE-4F5D-B6D8-AA4B91BA03FC}.Ad-Hoc|Any CPU.ActiveCfg = Debug|Any CPU
		{BBFB64A6-3CDE-4F5D-B6D8-AA4B91BA03FC}.Ad-Hoc|Any CPU.Build.0 = Debug|Any CPU
		{BBFB64A6-3CDE-4F5D-B6D8-AA4B91BA03FC}.Ad-Hoc|iPhone.ActiveCfg = Debug|Any CPU
		{BBFB64A6-3CDE-4F5D-B6D8-AA4B91BA03FC}.Ad-Hoc|iPhone.Build.0 = Debug|Any CPU
		{BBFB64A6-3CDE-4F5D-B6D8-AA4B91BA03FC}.Ad-Hoc|iPhoneSimulator.ActiveCfg = Debug|Any CPU
		{BBFB64A6-3CDE-4F5D-B6D8-AA4B91BA03FC}.Ad-Hoc|iPhoneSimulator.Build.0 = Debug|Any CPU
		{BBFB64A6-3CDE-4F5D-B6D8-AA4B91BA03FC}.AppStore|Any CPU.ActiveCfg = Debug|Any CPU
		{BBFB64A6-3CDE-4F5D-B6D8-AA4B91BA03FC}.AppStore|Any CPU.Build.0 = Debug|Any CPU
		{BBFB64A6-3CDE-4F5D-B6D8-AA4B91BA03FC}.AppStore|iPhone.ActiveCfg = Debug|Any CPU
		{BBFB64A6-3CDE-4F5D-B6D8-AA4B91BA03FC}.AppStore|iPhone.Build.0 = Debug|Any CPU
		{BBFB64A6-3CDE-4F5D-B6D8-AA4B91BA03FC}.AppStore|iPhoneSimulator.ActiveCfg = Debug|Any CPU
		{BBFB64A6-3CDE-4F5D-B6D8-AA4B91BA03FC}.AppStore|iPhoneSimulator.Build.0 = Debug|Any CPU
		{BBFB64A6-3CDE-4F5D-B6D8-AA4B91BA03FC}.Debug|Any CPU.ActiveCfg = Debug|Any CPU
		{BBFB64A6-3CDE-4F5D-B6D8-AA4B91BA03FC}.Debug|Any CPU.Build.0 = Debug|Any CPU
		{BBFB64A6-3CDE-4F5D-B6D8-AA4B91BA03FC}.Debug|iPhone.ActiveCfg = Debug|Any CPU
		{BBFB64A6-3CDE-4F5D-B6D8-AA4B91BA03FC}.Debug|iPhone.Build.0 = Debug|Any CPU
		{BBFB64A6-3CDE-4F5D-B6D8-AA4B91BA03FC}.Debug|iPhoneSimulator.ActiveCfg = Debug|Any CPU
		{BBFB64A6-3CDE-4F5D-B6D8-AA4B91BA03FC}.Debug|iPhoneSimulator.Build.0 = Debug|Any CPU
		{BBFB64A6-3CDE-4F5D-B6D8-AA4B91BA03FC}.Release|Any CPU.ActiveCfg = Release|Any CPU
		{BBFB64A6-3CDE-4F5D-B6D8-AA4B91BA03FC}.Release|Any CPU.Build.0 = Release|Any CPU
		{BBFB64A6-3CDE-4F5D-B6D8-AA4B91BA03FC}.Release|iPhone.ActiveCfg = Release|Any CPU
		{BBFB64A6-3CDE-4F5D-B6D8-AA4B91BA03FC}.Release|iPhone.Build.0 = Release|Any CPU
		{BBFB64A6-3CDE-4F5D-B6D8-AA4B91BA03FC}.Release|iPhoneSimulator.ActiveCfg = Release|Any CPU
		{BBFB64A6-3CDE-4F5D-B6D8-AA4B91BA03FC}.Release|iPhoneSimulator.Build.0 = Release|Any CPU
		{729188CA-061D-462A-9037-BD03CAE70A2D}.Ad-Hoc|Any CPU.ActiveCfg = Debug|Any CPU
		{729188CA-061D-462A-9037-BD03CAE70A2D}.Ad-Hoc|Any CPU.Build.0 = Debug|Any CPU
		{729188CA-061D-462A-9037-BD03CAE70A2D}.Ad-Hoc|iPhone.ActiveCfg = Debug|Any CPU
		{729188CA-061D-462A-9037-BD03CAE70A2D}.Ad-Hoc|iPhone.Build.0 = Debug|Any CPU
		{729188CA-061D-462A-9037-BD03CAE70A2D}.Ad-Hoc|iPhoneSimulator.ActiveCfg = Debug|Any CPU
		{729188CA-061D-462A-9037-BD03CAE70A2D}.Ad-Hoc|iPhoneSimulator.Build.0 = Debug|Any CPU
		{729188CA-061D-462A-9037-BD03CAE70A2D}.AppStore|Any CPU.ActiveCfg = Debug|Any CPU
		{729188CA-061D-462A-9037-BD03CAE70A2D}.AppStore|Any CPU.Build.0 = Debug|Any CPU
		{729188CA-061D-462A-9037-BD03CAE70A2D}.AppStore|iPhone.ActiveCfg = Debug|Any CPU
		{729188CA-061D-462A-9037-BD03CAE70A2D}.AppStore|iPhone.Build.0 = Debug|Any CPU
		{729188CA-061D-462A-9037-BD03CAE70A2D}.AppStore|iPhoneSimulator.ActiveCfg = Debug|Any CPU
		{729188CA-061D-462A-9037-BD03CAE70A2D}.AppStore|iPhoneSimulator.Build.0 = Debug|Any CPU
		{729188CA-061D-462A-9037-BD03CAE70A2D}.Debug|Any CPU.ActiveCfg = Debug|Any CPU
		{729188CA-061D-462A-9037-BD03CAE70A2D}.Debug|Any CPU.Build.0 = Debug|Any CPU
		{729188CA-061D-462A-9037-BD03CAE70A2D}.Debug|iPhone.ActiveCfg = Debug|Any CPU
		{729188CA-061D-462A-9037-BD03CAE70A2D}.Debug|iPhone.Build.0 = Debug|Any CPU
		{729188CA-061D-462A-9037-BD03CAE70A2D}.Debug|iPhoneSimulator.ActiveCfg = Debug|Any CPU
		{729188CA-061D-462A-9037-BD03CAE70A2D}.Debug|iPhoneSimulator.Build.0 = Debug|Any CPU
		{729188CA-061D-462A-9037-BD03CAE70A2D}.Release|Any CPU.ActiveCfg = Release|Any CPU
		{729188CA-061D-462A-9037-BD03CAE70A2D}.Release|Any CPU.Build.0 = Release|Any CPU
		{729188CA-061D-462A-9037-BD03CAE70A2D}.Release|iPhone.ActiveCfg = Release|Any CPU
		{729188CA-061D-462A-9037-BD03CAE70A2D}.Release|iPhone.Build.0 = Release|Any CPU
		{729188CA-061D-462A-9037-BD03CAE70A2D}.Release|iPhoneSimulator.ActiveCfg = Release|Any CPU
		{729188CA-061D-462A-9037-BD03CAE70A2D}.Release|iPhoneSimulator.Build.0 = Release|Any CPU
		{0C39F12A-102A-4ADD-8A65-86645D47A372}.Ad-Hoc|Any CPU.ActiveCfg = Debug|Any CPU
		{0C39F12A-102A-4ADD-8A65-86645D47A372}.Ad-Hoc|Any CPU.Build.0 = Debug|Any CPU
		{0C39F12A-102A-4ADD-8A65-86645D47A372}.Ad-Hoc|iPhone.ActiveCfg = Debug|Any CPU
		{0C39F12A-102A-4ADD-8A65-86645D47A372}.Ad-Hoc|iPhone.Build.0 = Debug|Any CPU
		{0C39F12A-102A-4ADD-8A65-86645D47A372}.Ad-Hoc|iPhoneSimulator.ActiveCfg = Debug|Any CPU
		{0C39F12A-102A-4ADD-8A65-86645D47A372}.Ad-Hoc|iPhoneSimulator.Build.0 = Debug|Any CPU
		{0C39F12A-102A-4ADD-8A65-86645D47A372}.AppStore|Any CPU.ActiveCfg = Debug|Any CPU
		{0C39F12A-102A-4ADD-8A65-86645D47A372}.AppStore|Any CPU.Build.0 = Debug|Any CPU
		{0C39F12A-102A-4ADD-8A65-86645D47A372}.AppStore|iPhone.ActiveCfg = Debug|Any CPU
		{0C39F12A-102A-4ADD-8A65-86645D47A372}.AppStore|iPhone.Build.0 = Debug|Any CPU
		{0C39F12A-102A-4ADD-8A65-86645D47A372}.AppStore|iPhoneSimulator.ActiveCfg = Debug|Any CPU
		{0C39F12A-102A-4ADD-8A65-86645D47A372}.AppStore|iPhoneSimulator.Build.0 = Debug|Any CPU
		{0C39F12A-102A-4ADD-8A65-86645D47A372}.Debug|Any CPU.ActiveCfg = Debug|Any CPU
		{0C39F12A-102A-4ADD-8A65-86645D47A372}.Debug|Any CPU.Build.0 = Debug|Any CPU
		{0C39F12A-102A-4ADD-8A65-86645D47A372}.Debug|iPhone.ActiveCfg = Debug|Any CPU
		{0C39F12A-102A-4ADD-8A65-86645D47A372}.Debug|iPhone.Build.0 = Debug|Any CPU
		{0C39F12A-102A-4ADD-8A65-86645D47A372}.Debug|iPhoneSimulator.ActiveCfg = Debug|Any CPU
		{0C39F12A-102A-4ADD-8A65-86645D47A372}.Debug|iPhoneSimulator.Build.0 = Debug|Any CPU
		{0C39F12A-102A-4ADD-8A65-86645D47A372}.Release|Any CPU.ActiveCfg = Release|Any CPU
		{0C39F12A-102A-4ADD-8A65-86645D47A372}.Release|Any CPU.Build.0 = Release|Any CPU
		{0C39F12A-102A-4ADD-8A65-86645D47A372}.Release|iPhone.ActiveCfg = Release|Any CPU
		{0C39F12A-102A-4ADD-8A65-86645D47A372}.Release|iPhone.Build.0 = Release|Any CPU
		{0C39F12A-102A-4ADD-8A65-86645D47A372}.Release|iPhoneSimulator.ActiveCfg = Release|Any CPU
		{0C39F12A-102A-4ADD-8A65-86645D47A372}.Release|iPhoneSimulator.Build.0 = Release|Any CPU
		{07633960-0A7F-4A6C-8D4C-88C5BB29A0DE}.Ad-Hoc|Any CPU.ActiveCfg = Debug|Any CPU
		{07633960-0A7F-4A6C-8D4C-88C5BB29A0DE}.Ad-Hoc|Any CPU.Build.0 = Debug|Any CPU
		{07633960-0A7F-4A6C-8D4C-88C5BB29A0DE}.Ad-Hoc|iPhone.ActiveCfg = Debug|Any CPU
		{07633960-0A7F-4A6C-8D4C-88C5BB29A0DE}.Ad-Hoc|iPhone.Build.0 = Debug|Any CPU
		{07633960-0A7F-4A6C-8D4C-88C5BB29A0DE}.Ad-Hoc|iPhoneSimulator.ActiveCfg = Debug|Any CPU
		{07633960-0A7F-4A6C-8D4C-88C5BB29A0DE}.Ad-Hoc|iPhoneSimulator.Build.0 = Debug|Any CPU
		{07633960-0A7F-4A6C-8D4C-88C5BB29A0DE}.AppStore|Any CPU.ActiveCfg = Debug|Any CPU
		{07633960-0A7F-4A6C-8D4C-88C5BB29A0DE}.AppStore|Any CPU.Build.0 = Debug|Any CPU
		{07633960-0A7F-4A6C-8D4C-88C5BB29A0DE}.AppStore|iPhone.ActiveCfg = Debug|Any CPU
		{07633960-0A7F-4A6C-8D4C-88C5BB29A0DE}.AppStore|iPhone.Build.0 = Debug|Any CPU
		{07633960-0A7F-4A6C-8D4C-88C5BB29A0DE}.AppStore|iPhoneSimulator.ActiveCfg = Debug|Any CPU
		{07633960-0A7F-4A6C-8D4C-88C5BB29A0DE}.AppStore|iPhoneSimulator.Build.0 = Debug|Any CPU
		{07633960-0A7F-4A6C-8D4C-88C5BB29A0DE}.Debug|Any CPU.ActiveCfg = Debug|Any CPU
		{07633960-0A7F-4A6C-8D4C-88C5BB29A0DE}.Debug|Any CPU.Build.0 = Debug|Any CPU
		{07633960-0A7F-4A6C-8D4C-88C5BB29A0DE}.Debug|iPhone.ActiveCfg = Debug|Any CPU
		{07633960-0A7F-4A6C-8D4C-88C5BB29A0DE}.Debug|iPhone.Build.0 = Debug|Any CPU
		{07633960-0A7F-4A6C-8D4C-88C5BB29A0DE}.Debug|iPhoneSimulator.ActiveCfg = Debug|Any CPU
		{07633960-0A7F-4A6C-8D4C-88C5BB29A0DE}.Debug|iPhoneSimulator.Build.0 = Debug|Any CPU
		{07633960-0A7F-4A6C-8D4C-88C5BB29A0DE}.Release|Any CPU.ActiveCfg = Release|Any CPU
		{07633960-0A7F-4A6C-8D4C-88C5BB29A0DE}.Release|Any CPU.Build.0 = Release|Any CPU
		{07633960-0A7F-4A6C-8D4C-88C5BB29A0DE}.Release|iPhone.ActiveCfg = Release|Any CPU
		{07633960-0A7F-4A6C-8D4C-88C5BB29A0DE}.Release|iPhone.Build.0 = Release|Any CPU
		{07633960-0A7F-4A6C-8D4C-88C5BB29A0DE}.Release|iPhoneSimulator.ActiveCfg = Release|Any CPU
		{07633960-0A7F-4A6C-8D4C-88C5BB29A0DE}.Release|iPhoneSimulator.Build.0 = Release|Any CPU
	EndGlobalSection
	GlobalSection(SolutionProperties) = preSolution
		HideSolutionNode = FALSE
	EndGlobalSection
	GlobalSection(NestedProjects) = preSolution
		{BBFB64A6-3CDE-4F5D-B6D8-AA4B91BA03FC} = {2148CBCE-B08D-4C10-B120-F23A95978100}
		{0C39F12A-102A-4ADD-8A65-86645D47A372} = {2148CBCE-B08D-4C10-B120-F23A95978100}
	EndGlobalSection
	GlobalSection(ExtensibilityGlobals) = postSolution
		SolutionGuid = {327048B5-3D26-40C9-AA5D-582DB0726B52}
	EndGlobalSection
EndGlobal
